
Microsoft Visual Studio Solution File, Format Version 12.00
# Visual Studio Version 17
VisualStudioVersion = 17.2.32616.157
MinimumVisualStudioVersion = 10.0.40219.1
Project("{FAE04EC0-301F-11D3-BF4B-00C04F79EFBC}") = "MetodoAnonimo", "MetodoAnonimo\MetodoAnonimo.csproj", "{B59AD29F-C8EA-4B77-A8BF-06C1899CF870}"
EndProject
Global
	GlobalSection(SolutionConfigurationPlatforms) = preSolution
		Debug|Any CPU = Debug|Any CPU
		Release|Any CPU = Release|Any CPU
	EndGlobalSection
	GlobalSection(ProjectConfigurationPlatforms) = postSolution
		{B59AD29F-C8EA-4B77-A8BF-06C1899CF870}.Debug|Any CPU.ActiveCfg = Debug|Any CPU
		{B59AD29F-C8EA-4B77-A8BF-06C1899CF870}.Debug|Any CPU.Build.0 = Debug|Any CPU
		{B59AD29F-C8EA-4B77-A8BF-06C1899CF870}.Release|Any CPU.ActiveCfg = Release|Any CPU
		{B59AD29F-C8EA-4B77-A8BF-06C1899CF870}.Release|Any CPU.Build.0 = Release|Any CPU
	EndGlobalSection
	GlobalSection(SolutionProperties) = preSolution
		HideSolutionNode = FALSE
	EndGlobalSection
	GlobalSection(ExtensibilityGlobals) = postSolution
		SolutionGuid = {7C04017F-B469-4A06-8282-BEA206C72C91}
	EndGlobalSection
EndGlobal
